
Microsoft Visual Studio Solution File, Format Version 12.00
# Visual Studio Version 16
VisualStudioVersion = 16.0.29411.108
MinimumVisualStudioVersion = 10.0.40219.1
Project("{8BC9CEB8-8B4A-11D0-8D11-00A0C91BC942}") = "laba4.10", "laba4.10\laba4.10.vcxproj", "{421646DE-CCB3-4842-B5B3-7BAD90AC305C}"
EndProject
Global
	GlobalSection(SolutionConfigurationPlatforms) = preSolution
		Debug|x64 = Debug|x64
		Debug|x86 = Debug|x86
		Release|x64 = Release|x64
		Release|x86 = Release|x86
	EndGlobalSection
	GlobalSection(ProjectConfigurationPlatforms) = postSolution
		{421646DE-CCB3-4842-B5B3-7BAD90AC305C}.Debug|x64.ActiveCfg = Debug|x64
		{421646DE-CCB3-4842-B5B3-7BAD90AC305C}.Debug|x64.Build.0 = Debug|x64
		{421646DE-CCB3-4842-B5B3-7BAD90AC305C}.Debug|x86.ActiveCfg = Debug|Win32
		{421646DE-CCB3-4842-B5B3-7BAD90AC305C}.Debug|x86.Build.0 = Debug|Win32
		{421646DE-CCB3-4842-B5B3-7BAD90AC305C}.Release|x64.ActiveCfg = Release|x64
		{421646DE-CCB3-4842-B5B3-7BAD90AC305C}.Release|x64.Build.0 = Release|x64
		{421646DE-CCB3-4842-B5B3-7BAD90AC305C}.Release|x86.ActiveCfg = Release|Win32
		{421646DE-CCB3-4842-B5B3-7BAD90AC305C}.Release|x86.Build.0 = Release|Win32
	EndGlobalSection
	GlobalSection(SolutionProperties) = preSolution
		HideSolutionNode = FALSE
	EndGlobalSection
	GlobalSection(ExtensibilityGlobals) = postSolution
		SolutionGuid = {995D36E8-1E19-4565-A205-E03B7B6A512B}
	EndGlobalSection
EndGlobal
